{
    "name": "outsystems-pushwoosh-hooks",
    "version": "1.0.0",
    "lockfileVersion": 1,
    "requires": true,
    "dependencies": {
        "adm-zip": {
            "version": "0.4.13",
            "resolved": "https://registry.npmjs.org/adm-zip/-/adm-zip-0.4.13.tgz",
            "integrity": "sha512-fERNJX8sOXfel6qCBCMPvZLzENBEhZTzKqg6vrOW5pvoEaQuJhRU4ndTAh6lHOxn1I6jnz2NHra56ZODM751uw=="
        }
    }
}
